
Microsoft Visual Studio Solution File, Format Version 12.00
# Visual Studio Express 2013 for Web
VisualStudioVersion = 12.0.21005.1
MinimumVisualStudioVersion = 10.0.40219.1
Project("{FAE04EC0-301F-11D3-BF4B-00C04F79EFBC}") = "PPPSSS.Dist.UIComp", "PPPSSS.Dist.UIComp\PPPSSS.Dist.UIComp.csproj", "{F38B6576-A63A-4C2C-A1B8-63ABF86E37FB}"
EndProject
Global
	GlobalSection(SolutionConfigurationPlatforms) = preSolution
		Debug|Any CPU = Debug|Any CPU
		Release|Any CPU = Release|Any CPU
	EndGlobalSection
	GlobalSection(ProjectConfigurationPlatforms) = postSolution
		{F38B6576-A63A-4C2C-A1B8-63ABF86E37FB}.Debug|Any CPU.ActiveCfg = Debug|Any CPU
		{F38B6576-A63A-4C2C-A1B8-63ABF86E37FB}.Debug|Any CPU.Build.0 = Debug|Any CPU
		{F38B6576-A63A-4C2C-A1B8-63ABF86E37FB}.Release|Any CPU.ActiveCfg = Release|Any CPU
		{F38B6576-A63A-4C2C-A1B8-63ABF86E37FB}.Release|Any CPU.Build.0 = Release|Any CPU
	EndGlobalSection
	GlobalSection(SolutionProperties) = preSolution
		HideSolutionNode = FALSE
	EndGlobalSection
EndGlobal
